// !$*UTF8*$!
{
	archiveVersion = 1;
	classes = {
	};
	objectVersion = 55;
	objects = {

/* Begin PBXBuildFile section */
		18043A19287369BE008BE182 /* SearchView.swift in Sources */ = {isa = PBXBuildFile; fileRef = 18043A18287369BE008BE182 /* SearchView.swift */; };
		18043A1B2873767F008BE182 /* StaggeredGrid.swift in Sources */ = {isa = PBXBuildFile; fileRef = 18043A1A2873767F008BE182 /* StaggeredGrid.swift */; };
		18043A1D28738F8E008BE182 /* Profile.swift in Sources */ = {isa = PBXBuildFile; fileRef = 18043A1C28738F8E008BE182 /* Profile.swift */; };
		182742F6286FEB4900A4ED42 /* omega_eCommerceApp.swift in Sources */ = {isa = PBXBuildFile; fileRef = 182742F5286FEB4900A4ED42 /* omega_eCommerceApp.swift */; };
		182742F8286FEB4900A4ED42 /* ContentView.swift in Sources */ = {isa = PBXBuildFile; fileRef = 182742F7286FEB4900A4ED42 /* ContentView.swift */; };
		182742FA286FEB4B00A4ED42 /* Assets.xcassets in Resources */ = {isa = PBXBuildFile; fileRef = 182742F9286FEB4B00A4ED42 /* Assets.xcassets */; };
		182742FD286FEB4B00A4ED42 /* Preview Assets.xcassets in Resources */ = {isa = PBXBuildFile; fileRef = 182742FC286FEB4B00A4ED42 /* Preview Assets.xcassets */; };
		188FC5EF286FEEE700009B7E /* Raleway-SemiBold.ttf in Resources */ = {isa = PBXBuildFile; fileRef = 188FC5EC286FEEE700009B7E /* Raleway-SemiBold.ttf */; };
		188FC5F0286FEEE700009B7E /* Raleway-Regular.ttf in Resources */ = {isa = PBXBuildFile; fileRef = 188FC5ED286FEEE700009B7E /* Raleway-Regular.ttf */; };
		188FC5F1286FEEE700009B7E /* Raleway-Bold.ttf in Resources */ = {isa = PBXBuildFile; fileRef = 188FC5EE286FEEE700009B7E /* Raleway-Bold.ttf */; };
		188FC5F6286FF07000009B7E /* OnBoardingView.swift in Sources */ = {isa = PBXBuildFile; fileRef = 188FC5F5286FF07000009B7E /* OnBoardingView.swift */; };
		188FC5F8287171E900009B7E /* LoginView.swift in Sources */ = {isa = PBXBuildFile; fileRef = 188FC5F7287171E900009B7E /* LoginView.swift */; };
		188FC5FB2871720700009B7E /* LoginPageModel.swift in Sources */ = {isa = PBXBuildFile; fileRef = 188FC5FA2871720700009B7E /* LoginPageModel.swift */; };
		188FC5FD2871758200009B7E /* CustomCorners.swift in Sources */ = {isa = PBXBuildFile; fileRef = 188FC5FC2871758200009B7E /* CustomCorners.swift */; };
		18A3762E2872BB8000A3806A /* ProductModel.swift in Sources */ = {isa = PBXBuildFile; fileRef = 18A3762D2872BB8000A3806A /* ProductModel.swift */; };
		18A376302872BEB900A3806A /* HomeViewModel.swift in Sources */ = {isa = PBXBuildFile; fileRef = 18A3762F2872BEB900A3806A /* HomeViewModel.swift */; };
		18A3763228735C4800A3806A /* MoreProducts.swift in Sources */ = {isa = PBXBuildFile; fileRef = 18A3763128735C4800A3806A /* MoreProducts.swift */; };
		18A72A0928726B9300CDEB61 /* MainPageView.swift in Sources */ = {isa = PBXBuildFile; fileRef = 18A72A0828726B9300CDEB61 /* MainPageView.swift */; };
		18A72A0C2872739600CDEB61 /* Home.swift in Sources */ = {isa = PBXBuildFile; fileRef = 18A72A0B2872739600CDEB61 /* Home.swift */; };
/* End PBXBuildFile section */

/* Begin PBXFileReference section */
		18043A18287369BE008BE182 /* SearchView.swift */ = {isa = PBXFileReference; lastKnownFileType = sourcecode.swift; path = SearchView.swift; sourceTree = "<group>"; };
		18043A1A2873767F008BE182 /* StaggeredGrid.swift */ = {isa = PBXFileReference; fileEncoding = 4; lastKnownFileType = sourcecode.swift; path = StaggeredGrid.swift; sourceTree = "<group>"; };
		18043A1C28738F8E008BE182 /* Profile.swift */ = {isa = PBXFileReference; lastKnownFileType = sourcecode.swift; path = Profile.swift; sourceTree = "<group>"; };
		182742F2286FEB4900A4ED42 /* omega-eCommerce.app */ = {isa = PBXFileReference; explicitFileType = wrapper.application; includeInIndex = 0; path = "omega-eCommerce.app"; sourceTree = BUILT_PRODUCTS_DIR; };
		182742F5286FEB4900A4ED42 /* omega_eCommerceApp.swift */ = {isa = PBXFileReference; lastKnownFileType = sourcecode.swift; path = omega_eCommerceApp.swift; sourceTree = "<group>"; };
		182742F7286FEB4900A4ED42 /* ContentView.swift */ = {isa = PBXFileReference; lastKnownFileType = sourcecode.swift; path = ContentView.swift; sourceTree = "<group>"; };
		182742F9286FEB4B00A4ED42 /* Assets.xcassets */ = {isa = PBXFileReference; lastKnownFileType = folder.assetcatalog; path = Assets.xcassets; sourceTree = "<group>"; };
		182742FC286FEB4B00A4ED42 /* Preview Assets.xcassets */ = {isa = PBXFileReference; lastKnownFileType = folder.assetcatalog; path = "Preview Assets.xcassets"; sourceTree = "<group>"; };
		188FC5EC286FEEE700009B7E /* Raleway-SemiBold.ttf */ = {isa = PBXFileReference; lastKnownFileType = file; path = "Raleway-SemiBold.ttf"; sourceTree = "<group>"; };
		188FC5ED286FEEE700009B7E /* Raleway-Regular.ttf */ = {isa = PBXFileReference; lastKnownFileType = file; path = "Raleway-Regular.ttf"; sourceTree = "<group>"; };
		188FC5EE286FEEE700009B7E /* Raleway-Bold.ttf */ = {isa = PBXFileReference; lastKnownFileType = file; path = "Raleway-Bold.ttf"; sourceTree = "<group>"; };
		188FC5F3286FEF9100009B7E /* Info.plist */ = {isa = PBXFileReference; lastKnownFileType = text.plist; path = Info.plist; sourceTree = "<group>"; };
		188FC5F5286FF07000009B7E /* OnBoardingView.swift */ = {isa = PBXFileReference; lastKnownFileType = sourcecode.swift; path = OnBoardingView.swift; sourceTree = "<group>"; };
		188FC5F7287171E900009B7E /* LoginView.swift */ = {isa = PBXFileReference; lastKnownFileType = sourcecode.swift; path = LoginView.swift; sourceTree = "<group>"; };
		188FC5FA2871720700009B7E /* LoginPageModel.swift */ = {isa = PBXFileReference; lastKnownFileType = sourcecode.swift; path = LoginPageModel.swift; sourceTree = "<group>"; };
		188FC5FC2871758200009B7E /* CustomCorners.swift */ = {isa = PBXFileReference; lastKnownFileType = sourcecode.swift; path = CustomCorners.swift; sourceTree = "<group>"; };
		18A3762D2872BB8000A3806A /* ProductModel.swift */ = {isa = PBXFileReference; lastKnownFileType = sourcecode.swift; path = ProductModel.swift; sourceTree = "<group>"; };
		18A3762F2872BEB900A3806A /* HomeViewModel.swift */ = {isa = PBXFileReference; lastKnownFileType = sourcecode.swift; path = HomeViewModel.swift; sourceTree = "<group>"; };
		18A3763128735C4800A3806A /* MoreProducts.swift */ = {isa = PBXFileReference; lastKnownFileType = sourcecode.swift; path = MoreProducts.swift; sourceTree = "<group>"; };
		18A72A0828726B9300CDEB61 /* MainPageView.swift */ = {isa = PBXFileReference; lastKnownFileType = sourcecode.swift; path = MainPageView.swift; sourceTree = "<group>"; };
		18A72A0B2872739600CDEB61 /* Home.swift */ = {isa = PBXFileReference; lastKnownFileType = sourcecode.swift; path = Home.swift; sourceTree = "<group>"; };
/* End PBXFileReference section */

/* Begin PBXFrameworksBuildPhase section */
		182742EF286FEB4900A4ED42 /* Frameworks */ = {
			isa = PBXFrameworksBuildPhase;
			buildActionMask = 2147483647;
			files = (
			);
			runOnlyForDeploymentPostprocessing = 0;
		};
/* End PBXFrameworksBuildPhase section */

/* Begin PBXGroup section */
		18043A1728736979008BE182 /* Sheets */ = {
			isa = PBXGroup;
			children = (
				18A3763128735C4800A3806A /* MoreProducts.swift */,
			);
			path = Sheets;
			sourceTree = "<group>";
		};
		182742E9286FEB4900A4ED42 = {
			isa = PBXGroup;
			children = (
				182742F4286FEB4900A4ED42 /* omega-eCommerce */,
				182742F3286FEB4900A4ED42 /* Products */,
			);
			sourceTree = "<group>";
		};
		182742F3286FEB4900A4ED42 /* Products */ = {
			isa = PBXGroup;
			children = (
				182742F2286FEB4900A4ED42 /* omega-eCommerce.app */,
			);
			name = Products;
			sourceTree = "<group>";
		};
		182742F4286FEB4900A4ED42 /* omega-eCommerce */ = {
			isa = PBXGroup;
			children = (
				18A3762C2872BB6A00A3806A /* Model */,
				18A72A0428725C4900CDEB61 /* Utils */,
				188FC5F9287171F800009B7E /* ViewModel */,
				188FC5F4286FF03E00009B7E /* View */,
				188FC5F3286FEF9100009B7E /* Info.plist */,
				18CF55B2286FEE01001CBECF /* Fonts */,
				182742F5286FEB4900A4ED42 /* omega_eCommerceApp.swift */,
				182742F7286FEB4900A4ED42 /* ContentView.swift */,
				182742F9286FEB4B00A4ED42 /* Assets.xcassets */,
				182742FB286FEB4B00A4ED42 /* Preview Content */,
			);
			path = "omega-eCommerce";
			sourceTree = "<group>";
		};
		182742FB286FEB4B00A4ED42 /* Preview Content */ = {
			isa = PBXGroup;
			children = (
				182742FC286FEB4B00A4ED42 /* Preview Assets.xcassets */,
			);
			path = "Preview Content";
			sourceTree = "<group>";
		};
		188FC5F4286FF03E00009B7E /* View */ = {
			isa = PBXGroup;
			children = (
				18043A1728736979008BE182 /* Sheets */,
				18A3763328735C5100A3806A /* Pages */,
				18A72A0A2872738D00CDEB61 /* TabViews */,
			);
			path = View;
			sourceTree = "<group>";
		};
		188FC5F9287171F800009B7E /* ViewModel */ = {
			isa = PBXGroup;
			children = (
				188FC5FA2871720700009B7E /* LoginPageModel.swift */,
				18A3762F2872BEB900A3806A /* HomeViewModel.swift */,
			);
			path = ViewModel;
			sourceTree = "<group>";
		};
		18A3762C2872BB6A00A3806A /* Model */ = {
			isa = PBXGroup;
			children = (
				18A3762D2872BB8000A3806A /* ProductModel.swift */,
			);
			path = Model;
			sourceTree = "<group>";
		};
		18A3763328735C5100A3806A /* Pages */ = {
			isa = PBXGroup;
			children = (
				188FC5F5286FF07000009B7E /* OnBoardingView.swift */,
				188FC5F7287171E900009B7E /* LoginView.swift */,
				18A72A0828726B9300CDEB61 /* MainPageView.swift */,
				18043A18287369BE008BE182 /* SearchView.swift */,
			);
			path = Pages;
			sourceTree = "<group>";
		};
		18A72A0428725C4900CDEB61 /* Utils */ = {
			isa = PBXGroup;
			children = (
				18043A1A2873767F008BE182 /* StaggeredGrid.swift */,
				188FC5FC2871758200009B7E /* CustomCorners.swift */,
			);
			path = Utils;
			sourceTree = "<group>";
		};
		18A72A0A2872738D00CDEB61 /* TabViews */ = {
			isa = PBXGroup;
			children = (
				18A72A0B2872739600CDEB61 /* Home.swift */,
				18043A1C28738F8E008BE182 /* Profile.swift */,
			);
			path = TabViews;
			sourceTree = "<group>";
		};
		18CF55B2286FEE01001CBECF /* Fonts */ = {
			isa = PBXGroup;
			children = (
				188FC5EE286FEEE700009B7E /* Raleway-Bold.ttf */,
				188FC5ED286FEEE700009B7E /* Raleway-Regular.ttf */,
				188FC5EC286FEEE700009B7E /* Raleway-SemiBold.ttf */,
			);
			path = Fonts;
			sourceTree = "<group>";
		};
/* End PBXGroup section */

/* Begin PBXNativeTarget section */
		182742F1286FEB4900A4ED42 /* omega-eCommerce */ = {
			isa = PBXNativeTarget;
			buildConfigurationList = 18274300286FEB4B00A4ED42 /* Build configuration list for PBXNativeTarget "omega-eCommerce" */;
			buildPhases = (
				182742EE286FEB4900A4ED42 /* Sources */,
				182742EF286FEB4900A4ED42 /* Frameworks */,
				182742F0286FEB4900A4ED42 /* Resources */,
			);
			buildRules = (
			);
			dependencies = (
			);
			name = "omega-eCommerce";
			productName = "omega-eCommerce";
			productReference = 182742F2286FEB4900A4ED42 /* omega-eCommerce.app */;
			productType = "com.apple.product-type.application";
		};
/* End PBXNativeTarget section */

/* Begin PBXProject section */
		182742EA286FEB4900A4ED42 /* Project object */ = {
			isa = PBXProject;
			attributes = {
				BuildIndependentTargetsInParallel = 1;
				LastSwiftUpdateCheck = 1340;
				LastUpgradeCheck = 1340;
				TargetAttributes = {
					182742F1286FEB4900A4ED42 = {
						CreatedOnToolsVersion = 13.4;
					};
				};
			};
			buildConfigurationList = 182742ED286FEB4900A4ED42 /* Build configuration list for PBXProject "omega-eCommerce" */;
			compatibilityVersion = "Xcode 13.0";
			developmentRegion = en;
			hasScannedForEncodings = 0;
			knownRegions = (
				en,
				Base,
			);
			mainGroup = 182742E9286FEB4900A4ED42;
			productRefGroup = 182742F3286FEB4900A4ED42 /* Products */;
			projectDirPath = "";
			projectRoot = "";
			targets = (
				182742F1286FEB4900A4ED42 /* omega-eCommerce */,
			);
		};
/* End PBXProject section */

/* Begin PBXResourcesBuildPhase section */
		182742F0286FEB4900A4ED42 /* Resources */ = {
			isa = PBXResourcesBuildPhase;
			buildActionMask = 2147483647;
			files = (
				188FC5EF286FEEE700009B7E /* Raleway-SemiBold.ttf in Resources */,
				182742FD286FEB4B00A4ED42 /* Preview Assets.xcassets in Resources */,
				182742FA286FEB4B00A4ED42 /* Assets.xcassets in Resources */,
				188FC5F1286FEEE700009B7E /* Raleway-Bold.ttf in Resources */,
				188FC5F0286FEEE700009B7E /* Raleway-Regular.ttf in Resources */,
			);
			runOnlyForDeploymentPostprocessing = 0;
		};
/* End PBXResourcesBuildPhase section */

/* Begin PBXSourcesBuildPhase section */
		182742EE286FEB4900A4ED42 /* Sources */ = {
			isa = PBXSourcesBuildPhase;
			buildActionMask = 2147483647;
			files = (
				188FC5F8287171E900009B7E /* LoginView.swift in Sources */,
				188FC5FD2871758200009B7E /* CustomCorners.swift in Sources */,
				188FC5FB2871720700009B7E /* LoginPageModel.swift in Sources */,
				18043A1D28738F8E008BE182 /* Profile.swift in Sources */,
				18043A1B2873767F008BE182 /* StaggeredGrid.swift in Sources */,
				18A376302872BEB900A3806A /* HomeViewModel.swift in Sources */,
				18043A19287369BE008BE182 /* SearchView.swift in Sources */,
				182742F8286FEB4900A4ED42 /* ContentView.swift in Sources */,
				18A3762E2872BB8000A3806A /* ProductModel.swift in Sources */,
				18A3763228735C4800A3806A /* MoreProducts.swift in Sources */,
				188FC5F6286FF07000009B7E /* OnBoardingView.swift in Sources */,
				18A72A0928726B9300CDEB61 /* MainPageView.swift in Sources */,
				18A72A0C2872739600CDEB61 /* Home.swift in Sources */,
				182742F6286FEB4900A4ED42 /* omega_eCommerceApp.swift in Sources */,
			);
			runOnlyForDeploymentPostprocessing = 0;
		};
/* End PBXSourcesBuildPhase section */

/* Begin XCBuildConfiguration section */
		182742FE286FEB4B00A4ED42 /* Debug */ = {
			isa = XCBuildConfiguration;
			buildSettings = {
				ALWAYS_SEARCH_USER_PATHS = NO;
				CLANG_ANALYZER_NONNULL = YES;
				CLANG_ANALYZER_NUMBER_OBJECT_CONVERSION = YES_AGGRESSIVE;
				CLANG_CXX_LANGUAGE_STANDARD = "gnu++17";
				CLANG_ENABLE_MODULES = YES;
				CLANG_ENABLE_OBJC_ARC = YES;
				CLANG_ENABLE_OBJC_WEAK = YES;
				CLANG_WARN_BLOCK_CAPTURE_AUTORELEASING = YES;
				CLANG_WARN_BOOL_CONVERSION = YES;
				CLANG_WARN_COMMA = YES;
				CLANG_WARN_CONSTANT_CONVERSION = YES;
				CLANG_WARN_DEPRECATED_OBJC_IMPLEMENTATIONS = YES;
				CLANG_WARN_DIRECT_OBJC_ISA_USAGE = YES_ERROR;
				CLANG_WARN_DOCUMENTATION_COMMENTS = YES;
				CLANG_WARN_EMPTY_BODY = YES;
				CLANG_WARN_ENUM_CONVERSION = YES;
				CLANG_WARN_INFINITE_RECURSION = YES;
				CLANG_WARN_INT_CONVERSION = YES;
				CLANG_WARN_NON_LITERAL_NULL_CONVERSION = YES;
				CLANG_WARN_OBJC_IMPLICIT_RETAIN_SELF = YES;
				CLANG_WARN_OBJC_LITERAL_CONVERSION = YES;
				CLANG_WARN_OBJC_ROOT_CLASS = YES_ERROR;
				CLANG_WARN_QUOTED_INCLUDE_IN_FRAMEWORK_HEADER = YES;
				CLANG_WARN_RANGE_LOOP_ANALYSIS = YES;
				CLANG_WARN_STRICT_PROTOTYPES = YES;
				CLANG_WARN_SUSPICIOUS_MOVE = YES;
				CLANG_WARN_UNGUARDED_AVAILABILITY = YES_AGGRESSIVE;
				CLANG_WARN_UNREACHABLE_CODE = YES;
				CLANG_WARN__DUPLICATE_METHOD_MATCH = YES;
				COPY_PHASE_STRIP = NO;
				DEBUG_INFORMATION_FORMAT = dwarf;
				ENABLE_STRICT_OBJC_MSGSEND = YES;
				ENABLE_TESTABILITY = YES;
				GCC_C_LANGUAGE_STANDARD = gnu11;
				GCC_DYNAMIC_NO_PIC = NO;
				GCC_NO_COMMON_BLOCKS = YES;
				GCC_OPTIMIZATION_LEVEL = 0;
				GCC_PREPROCESSOR_DEFINITIONS = (
					"DEBUG=1",
					"$(inherited)",
				);
				GCC_WARN_64_TO_32_BIT_CONVERSION = YES;
				GCC_WARN_ABOUT_RETURN_TYPE = YES_ERROR;
				GCC_WARN_UNDECLARED_SELECTOR = YES;
				GCC_WARN_UNINITIALIZED_AUTOS = YES_AGGRESSIVE;
				GCC_WARN_UNUSED_FUNCTION = YES;
				GCC_WARN_UNUSED_VARIABLE = YES;
				IPHONEOS_DEPLOYMENT_TARGET = 15.5;
				MTL_ENABLE_DEBUG_INFO = INCLUDE_SOURCE;
				MTL_FAST_MATH = YES;
				ONLY_ACTIVE_ARCH = YES;
				SDKROOT = iphoneos;
				SWIFT_ACTIVE_COMPILATION_CONDITIONS = DEBUG;
				SWIFT_OPTIMIZATION_LEVEL = "-Onone";
			};
			name = Debug;
		};
		182742FF286FEB4B00A4ED42 /* Release */ = {
			isa = XCBuildConfiguration;
			buildSettings = {
				ALWAYS_SEARCH_USER_PATHS = NO;
				CLANG_ANALYZER_NONNULL = YES;
				CLANG_ANALYZER_NUMBER_OBJECT_CONVERSION = YES_AGGRESSIVE;
				CLANG_CXX_LANGUAGE_STANDARD = "gnu++17";
				CLANG_ENABLE_MODULES = YES;
				CLANG_ENABLE_OBJC_ARC = YES;
				CLANG_ENABLE_OBJC_WEAK = YES;
				CLANG_WARN_BLOCK_CAPTURE_AUTORELEASING = YES;
				CLANG_WARN_BOOL_CONVERSION = YES;
				CLANG_WARN_COMMA = YES;
				CLANG_WARN_CONSTANT_CONVERSION = YES;
				CLANG_WARN_DEPRECATED_OBJC_IMPLEMENTATIONS = YES;
				CLANG_WARN_DIRECT_OBJC_ISA_USAGE = YES_ERROR;
				CLANG_WARN_DOCUMENTATION_COMMENTS = YES;
				CLANG_WARN_EMPTY_BODY = YES;
				CLANG_WARN_ENUM_CONVERSION = YES;
				CLANG_WARN_INFINITE_RECURSION = YES;
				CLANG_WARN_INT_CONVERSION = YES;
				CLANG_WARN_NON_LITERAL_NULL_CONVERSION = YES;
				CLANG_WARN_OBJC_IMPLICIT_RETAIN_SELF = YES;
				CLANG_WARN_OBJC_LITERAL_CONVERSION = YES;
				CLANG_WARN_OBJC_ROOT_CLASS = YES_ERROR;
				CLANG_WARN_QUOTED_INCLUDE_IN_FRAMEWORK_HEADER = YES;
				CLANG_WARN_RANGE_LOOP_ANALYSIS = YES;
				CLANG_WARN_STRICT_PROTOTYPES = YES;
				CLANG_WARN_SUSPICIOUS_MOVE = YES;
				CLANG_WARN_UNGUARDED_AVAILABILITY = YES_AGGRESSIVE;
				CLANG_WARN_UNREACHABLE_CODE = YES;
				CLANG_WARN__DUPLICATE_METHOD_MATCH = YES;
				COPY_PHASE_STRIP = NO;
				DEBUG_INFORMATION_FORMAT = "dwarf-with-dsym";
				ENABLE_NS_ASSERTIONS = NO;
				ENABLE_STRICT_OBJC_MSGSEND = YES;
				GCC_C_LANGUAGE_STANDARD = gnu11;
				GCC_NO_COMMON_BLOCKS = YES;
				GCC_WARN_64_TO_32_BIT_CONVERSION = YES;
				GCC_WARN_ABOUT_RETURN_TYPE = YES_ERROR;
				GCC_WARN_UNDECLARED_SELECTOR = YES;
				GCC_WARN_UNINITIALIZED_AUTOS = YES_AGGRESSIVE;
				GCC_WARN_UNUSED_FUNCTION = YES;
				GCC_WARN_UNUSED_VARIABLE = YES;
				IPHONEOS_DEPLOYMENT_TARGET = 15.5;
				MTL_ENABLE_DEBUG_INFO = NO;
				MTL_FAST_MATH = YES;
				SDKROOT = iphoneos;
				SWIFT_COMPILATION_MODE = wholemodule;
				SWIFT_OPTIMIZATION_LEVEL = "-O";
				VALIDATE_PRODUCT = YES;
			};
			name = Release;
		};
		18274301286FEB4B00A4ED42 /* Debug */ = {
			isa = XCBuildConfiguration;
			buildSettings = {
				ASSETCATALOG_COMPILER_APPICON_NAME = AppIcon;
				ASSETCATALOG_COMPILER_GLOBAL_ACCENT_COLOR_NAME = AccentColor;
				CODE_SIGN_STYLE = Automatic;
				CURRENT_PROJECT_VERSION = 1;
				DEVELOPMENT_ASSET_PATHS = "\"omega-eCommerce/Preview Content\"";
				DEVELOPMENT_TEAM = 8W3DAXSQW9;
				ENABLE_PREVIEWS = YES;
				GENERATE_INFOPLIST_FILE = YES;
				INFOPLIST_FILE = "omega-eCommerce/Info.plist";
				INFOPLIST_KEY_UIApplicationSceneManifest_Generation = YES;
				INFOPLIST_KEY_UIApplicationSupportsIndirectInputEvents = YES;
				INFOPLIST_KEY_UILaunchScreen_Generation = YES;
				INFOPLIST_KEY_UISupportedInterfaceOrientations_iPad = "UIInterfaceOrientationPortrait UIInterfaceOrientationPortraitUpsideDown UIInterfaceOrientationLandscapeLeft UIInterfaceOrientationLandscapeRight";
				INFOPLIST_KEY_UISupportedInterfaceOrientations_iPhone = "UIInterfaceOrientationPortrait UIInterfaceOrientationLandscapeLeft UIInterfaceOrientationLandscapeRight";
				LD_RUNPATH_SEARCH_PATHS = (
					"$(inherited)",
					"@executable_path/Frameworks",
				);
				MARKETING_VERSION = 1.0;
				PRODUCT_BUNDLE_IDENTIFIER = "com.nguyen.omega-eCommerce";
				PRODUCT_NAME = "$(TARGET_NAME)";
				SWIFT_EMIT_LOC_STRINGS = YES;
				SWIFT_VERSION = 5.0;
				TARGETED_DEVICE_FAMILY = "1,2";
			};
			name = Debug;
		};
		18274302286FEB4B00A4ED42 /* Release */ = {
			isa = XCBuildConfiguration;
			buildSettings = {
				ASSETCATALOG_COMPILER_APPICON_NAME = AppIcon;
				ASSETCATALOG_COMPILER_GLOBAL_ACCENT_COLOR_NAME = AccentColor;
				CODE_SIGN_STYLE = Automatic;
				CURRENT_PROJECT_VERSION = 1;
				DEVELOPMENT_ASSET_PATHS = "\"omega-eCommerce/Preview Content\"";
				DEVELOPMENT_TEAM = 8W3DAXSQW9;
				ENABLE_PREVIEWS = YES;
				GENERATE_INFOPLIST_FILE = YES;
				INFOPLIST_FILE = "omega-eCommerce/Info.plist";
				INFOPLIST_KEY_UIApplicationSceneManifest_Generation = YES;
				INFOPLIST_KEY_UIApplicationSupportsIndirectInputEvents = YES;
				INFOPLIST_KEY_UILaunchScreen_Generation = YES;
				INFOPLIST_KEY_UISupportedInterfaceOrientations_iPad = "UIInterfaceOrientationPortrait UIInterfaceOrientationPortraitUpsideDown UIInterfaceOrientationLandscapeLeft UIInterfaceOrientationLandscapeRight";
				INFOPLIST_KEY_UISupportedInterfaceOrientations_iPhone = "UIInterfaceOrientationPortrait UIInterfaceOrientationLandscapeLeft UIInterfaceOrientationLandscapeRight";
				LD_RUNPATH_SEARCH_PATHS = (
					"$(inherited)",
					"@executable_path/Frameworks",
				);
				MARKETING_VERSION = 1.0;
				PRODUCT_BUNDLE_IDENTIFIER = "com.nguyen.omega-eCommerce";
				PRODUCT_NAME = "$(TARGET_NAME)";
				SWIFT_EMIT_LOC_STRINGS = YES;
				SWIFT_VERSION = 5.0;
				TARGETED_DEVICE_FAMILY = "1,2";
			};
			name = Release;
		};
/* End XCBuildConfiguration section */

/* Begin XCConfigurationList section */
		182742ED286FEB4900A4ED42 /* Build configuration list for PBXProject "omega-eCommerce" */ = {
			isa = XCConfigurationList;
			buildConfigurations = (
				182742FE286FEB4B00A4ED42 /* Debug */,
				182742FF286FEB4B00A4ED42 /* Release */,
			);
			defaultConfigurationIsVisible = 0;
			defaultConfigurationName = Release;
		};
		18274300286FEB4B00A4ED42 /* Build configuration list for PBXNativeTarget "omega-eCommerce" */ = {
			isa = XCConfigurationList;
			buildConfigurations = (
				18274301286FEB4B00A4ED42 /* Debug */,
				18274302286FEB4B00A4ED42 /* Release */,
			);
			defaultConfigurationIsVisible = 0;
			defaultConfigurationName = Release;
		};
/* End XCConfigurationList section */
	};
	rootObject = 182742EA286FEB4900A4ED42 /* Project object */;
}
